
Microsoft Visual Studio Solution File, Format Version 12.00
# Visual Studio Version 17
VisualStudioVersion = 17.6.33829.357
MinimumVisualStudioVersion = 10.0.40219.1
Project("{FAE04EC0-301F-11D3-BF4B-00C04F79EFBC}") = "ML.Analise.Produtos.API", "ML.Analise.Produtos.API\ML.Analise.Produtos.API.csproj", "{10C60402-8C83-41FD-9F54-C73EEB809FA9}"
EndProject
Global
	GlobalSection(SolutionConfigurationPlatforms) = preSolution
		Debug|Any CPU = Debug|Any CPU
		Release|Any CPU = Release|Any CPU
	EndGlobalSection
	GlobalSection(ProjectConfigurationPlatforms) = postSolution
		{10C60402-8C83-41FD-9F54-C73EEB809FA9}.Debug|Any CPU.ActiveCfg = Debug|Any CPU
		{10C60402-8C83-41FD-9F54-C73EEB809FA9}.Debug|Any CPU.Build.0 = Debug|Any CPU
		{10C60402-8C83-41FD-9F54-C73EEB809FA9}.Release|Any CPU.ActiveCfg = Release|Any CPU
		{10C60402-8C83-41FD-9F54-C73EEB809FA9}.Release|Any CPU.Build.0 = Release|Any CPU
	EndGlobalSection
	GlobalSection(SolutionProperties) = preSolution
		HideSolutionNode = FALSE
	EndGlobalSection
	GlobalSection(ExtensibilityGlobals) = postSolution
		SolutionGuid = {260FAAB6-A2B4-4A82-B58C-E12EAF1D50E6}
	EndGlobalSection
EndGlobal
